
Microsoft Visual Studio Solution File, Format Version 12.00
# Visual Studio 15
VisualStudioVersion = 15.0.26124.0
MinimumVisualStudioVersion = 15.0.26124.0
Project("{2150E333-8FDC-42A3-9474-1A3956D46DE8}") = "dotnet", "dotnet", "{5F3635F7-C55A-428D-AB27-8B3E0E4FF475}"
EndProject
Project("{9A19103F-16F7-4668-BE54-9A1E7A4F7556}") = "algorithms", "dotnet\algorithms\algorithms.csproj", "{C52721BE-B0EE-4233-8D39-4282C977E19B}"
EndProject
Project("{9A19103F-16F7-4668-BE54-9A1E7A4F7556}") = "datastructures", "dotnet\datastructures\datastructures.csproj", "{D7837D63-8C97-4F7D-BCCA-092319E7B6EE}"
EndProject
Project("{2150E333-8FDC-42A3-9474-1A3956D46DE8}") = "oop", "oop", "{25DE8939-C88D-4645-97BE-14B1A87BAF73}"
EndProject
Project("{9A19103F-16F7-4668-BE54-9A1E7A4F7556}") = "school", "dotnet\oop\school\school.csproj", "{02B2E312-3E9B-45E0-BD07-111B827CCFC7}"
EndProject
Project("{FAE04EC0-301F-11D3-BF4B-00C04F79EFBC}") = "algorithms-tests", "algorithms-tests\algorithms-tests.csproj", "{0FB33B86-12A7-4F46-8819-F1066C911D61}"
EndProject
Global
	GlobalSection(SolutionConfigurationPlatforms) = preSolution
		Debug|Any CPU = Debug|Any CPU
		Debug|x64 = Debug|x64
		Debug|x86 = Debug|x86
		Release|Any CPU = Release|Any CPU
		Release|x64 = Release|x64
		Release|x86 = Release|x86
	EndGlobalSection
	GlobalSection(ProjectConfigurationPlatforms) = postSolution
		{C52721BE-B0EE-4233-8D39-4282C977E19B}.Debug|Any CPU.ActiveCfg = Debug|Any CPU
		{C52721BE-B0EE-4233-8D39-4282C977E19B}.Debug|Any CPU.Build.0 = Debug|Any CPU
		{C52721BE-B0EE-4233-8D39-4282C977E19B}.Debug|x64.ActiveCfg = Debug|Any CPU
		{C52721BE-B0EE-4233-8D39-4282C977E19B}.Debug|x64.Build.0 = Debug|Any CPU
		{C52721BE-B0EE-4233-8D39-4282C977E19B}.Debug|x86.ActiveCfg = Debug|Any CPU
		{C52721BE-B0EE-4233-8D39-4282C977E19B}.Debug|x86.Build.0 = Debug|Any CPU
		{C52721BE-B0EE-4233-8D39-4282C977E19B}.Release|Any CPU.ActiveCfg = Release|Any CPU
		{C52721BE-B0EE-4233-8D39-4282C977E19B}.Release|Any CPU.Build.0 = Release|Any CPU
		{C52721BE-B0EE-4233-8D39-4282C977E19B}.Release|x64.ActiveCfg = Release|Any CPU
		{C52721BE-B0EE-4233-8D39-4282C977E19B}.Release|x64.Build.0 = Release|Any CPU
		{C52721BE-B0EE-4233-8D39-4282C977E19B}.Release|x86.ActiveCfg = Release|Any CPU
		{C52721BE-B0EE-4233-8D39-4282C977E19B}.Release|x86.Build.0 = Release|Any CPU
		{D7837D63-8C97-4F7D-BCCA-092319E7B6EE}.Debug|Any CPU.ActiveCfg = Debug|Any CPU
		{D7837D63-8C97-4F7D-BCCA-092319E7B6EE}.Debug|Any CPU.Build.0 = Debug|Any CPU
		{D7837D63-8C97-4F7D-BCCA-092319E7B6EE}.Debug|x64.ActiveCfg = Debug|Any CPU
		{D7837D63-8C97-4F7D-BCCA-092319E7B6EE}.Debug|x64.Build.0 = Debug|Any CPU
		{D7837D63-8C97-4F7D-BCCA-092319E7B6EE}.Debug|x86.ActiveCfg = Debug|Any CPU
		{D7837D63-8C97-4F7D-BCCA-092319E7B6EE}.Debug|x86.Build.0 = Debug|Any CPU
		{D7837D63-8C97-4F7D-BCCA-092319E7B6EE}.Release|Any CPU.ActiveCfg = Release|Any CPU
		{D7837D63-8C97-4F7D-BCCA-092319E7B6EE}.Release|Any CPU.Build.0 = Release|Any CPU
		{D7837D63-8C97-4F7D-BCCA-092319E7B6EE}.Release|x64.ActiveCfg = Release|Any CPU
		{D7837D63-8C97-4F7D-BCCA-092319E7B6EE}.Release|x64.Build.0 = Release|Any CPU
		{D7837D63-8C97-4F7D-BCCA-092319E7B6EE}.Release|x86.ActiveCfg = Release|Any CPU
		{D7837D63-8C97-4F7D-BCCA-092319E7B6EE}.Release|x86.Build.0 = Release|Any CPU
		{02B2E312-3E9B-45E0-BD07-111B827CCFC7}.Debug|Any CPU.ActiveCfg = Debug|Any CPU
		{02B2E312-3E9B-45E0-BD07-111B827CCFC7}.Debug|Any CPU.Build.0 = Debug|Any CPU
		{02B2E312-3E9B-45E0-BD07-111B827CCFC7}.Debug|x64.ActiveCfg = Debug|Any CPU
		{02B2E312-3E9B-45E0-BD07-111B827CCFC7}.Debug|x64.Build.0 = Debug|Any CPU
		{02B2E312-3E9B-45E0-BD07-111B827CCFC7}.Debug|x86.ActiveCfg = Debug|Any CPU
		{02B2E312-3E9B-45E0-BD07-111B827CCFC7}.Debug|x86.Build.0 = Debug|Any CPU
		{02B2E312-3E9B-45E0-BD07-111B827CCFC7}.Release|Any CPU.ActiveCfg = Release|Any CPU
		{02B2E312-3E9B-45E0-BD07-111B827CCFC7}.Release|Any CPU.Build.0 = Release|Any CPU
		{02B2E312-3E9B-45E0-BD07-111B827CCFC7}.Release|x64.ActiveCfg = Release|Any CPU
		{02B2E312-3E9B-45E0-BD07-111B827CCFC7}.Release|x64.Build.0 = Release|Any CPU
		{02B2E312-3E9B-45E0-BD07-111B827CCFC7}.Release|x86.ActiveCfg = Release|Any CPU
		{02B2E312-3E9B-45E0-BD07-111B827CCFC7}.Release|x86.Build.0 = Release|Any CPU
		{0FB33B86-12A7-4F46-8819-F1066C911D61}.Debug|Any CPU.ActiveCfg = Debug|Any CPU
		{0FB33B86-12A7-4F46-8819-F1066C911D61}.Debug|Any CPU.Build.0 = Debug|Any CPU
		{0FB33B86-12A7-4F46-8819-F1066C911D61}.Debug|x64.ActiveCfg = Debug|Any CPU
		{0FB33B86-12A7-4F46-8819-F1066C911D61}.Debug|x64.Build.0 = Debug|Any CPU
		{0FB33B86-12A7-4F46-8819-F1066C911D61}.Debug|x86.ActiveCfg = Debug|Any CPU
		{0FB33B86-12A7-4F46-8819-F1066C911D61}.Debug|x86.Build.0 = Debug|Any CPU
		{0FB33B86-12A7-4F46-8819-F1066C911D61}.Release|Any CPU.ActiveCfg = Release|Any CPU
		{0FB33B86-12A7-4F46-8819-F1066C911D61}.Release|Any CPU.Build.0 = Release|Any CPU
		{0FB33B86-12A7-4F46-8819-F1066C911D61}.Release|x64.ActiveCfg = Release|Any CPU
		{0FB33B86-12A7-4F46-8819-F1066C911D61}.Release|x64.Build.0 = Release|Any CPU
		{0FB33B86-12A7-4F46-8819-F1066C911D61}.Release|x86.ActiveCfg = Release|Any CPU
		{0FB33B86-12A7-4F46-8819-F1066C911D61}.Release|x86.Build.0 = Release|Any CPU
	EndGlobalSection
	GlobalSection(SolutionProperties) = preSolution
		HideSolutionNode = FALSE
	EndGlobalSection
	GlobalSection(NestedProjects) = preSolution
		{C52721BE-B0EE-4233-8D39-4282C977E19B} = {5F3635F7-C55A-428D-AB27-8B3E0E4FF475}
		{D7837D63-8C97-4F7D-BCCA-092319E7B6EE} = {5F3635F7-C55A-428D-AB27-8B3E0E4FF475}
		{25DE8939-C88D-4645-97BE-14B1A87BAF73} = {5F3635F7-C55A-428D-AB27-8B3E0E4FF475}
		{02B2E312-3E9B-45E0-BD07-111B827CCFC7} = {25DE8939-C88D-4645-97BE-14B1A87BAF73}
		{0FB33B86-12A7-4F46-8819-F1066C911D61} = {5F3635F7-C55A-428D-AB27-8B3E0E4FF475}
	EndGlobalSection
	GlobalSection(ExtensibilityGlobals) = postSolution
		SolutionGuid = {71E6FF5F-2C1D-4EF6-853B-CAB4421EE8F6}
	EndGlobalSection
EndGlobal
