
Microsoft Visual Studio Solution File, Format Version 12.00
# Visual Studio 15
VisualStudioVersion = 15.0.26124.0
MinimumVisualStudioVersion = 15.0.26124.0
Project("{FAE04EC0-301F-11D3-BF4B-00C04F79EFBC}") = "mergesort", "mergesort\mergesort.csproj", "{43004832-FC2C-464E-82F9-9F6549F0AF9C}"
EndProject
Project("{FAE04EC0-301F-11D3-BF4B-00C04F79EFBC}") = "oop-school", "oop-school\oop-school.csproj", "{DE756B97-BE17-433B-8F08-E2FA783A9C41}"
EndProject
Project("{FAE04EC0-301F-11D3-BF4B-00C04F79EFBC}") = "trees", "trees\trees.csproj", "{770C28B0-AEED-4DA0-A0D2-7B6442978DE1}"
EndProject
Global
	GlobalSection(SolutionConfigurationPlatforms) = preSolution
		Debug|Any CPU = Debug|Any CPU
		Debug|x64 = Debug|x64
		Debug|x86 = Debug|x86
		Release|Any CPU = Release|Any CPU
		Release|x64 = Release|x64
		Release|x86 = Release|x86
	EndGlobalSection
	GlobalSection(ProjectConfigurationPlatforms) = postSolution
		{43004832-FC2C-464E-82F9-9F6549F0AF9C}.Debug|Any CPU.ActiveCfg = Debug|Any CPU
		{43004832-FC2C-464E-82F9-9F6549F0AF9C}.Debug|Any CPU.Build.0 = Debug|Any CPU
		{43004832-FC2C-464E-82F9-9F6549F0AF9C}.Debug|x64.ActiveCfg = Debug|Any CPU
		{43004832-FC2C-464E-82F9-9F6549F0AF9C}.Debug|x64.Build.0 = Debug|Any CPU
		{43004832-FC2C-464E-82F9-9F6549F0AF9C}.Debug|x86.ActiveCfg = Debug|Any CPU
		{43004832-FC2C-464E-82F9-9F6549F0AF9C}.Debug|x86.Build.0 = Debug|Any CPU
		{43004832-FC2C-464E-82F9-9F6549F0AF9C}.Release|Any CPU.ActiveCfg = Release|Any CPU
		{43004832-FC2C-464E-82F9-9F6549F0AF9C}.Release|Any CPU.Build.0 = Release|Any CPU
		{43004832-FC2C-464E-82F9-9F6549F0AF9C}.Release|x64.ActiveCfg = Release|Any CPU
		{43004832-FC2C-464E-82F9-9F6549F0AF9C}.Release|x64.Build.0 = Release|Any CPU
		{43004832-FC2C-464E-82F9-9F6549F0AF9C}.Release|x86.ActiveCfg = Release|Any CPU
		{43004832-FC2C-464E-82F9-9F6549F0AF9C}.Release|x86.Build.0 = Release|Any CPU
		{DE756B97-BE17-433B-8F08-E2FA783A9C41}.Debug|Any CPU.ActiveCfg = Debug|Any CPU
		{DE756B97-BE17-433B-8F08-E2FA783A9C41}.Debug|Any CPU.Build.0 = Debug|Any CPU
		{DE756B97-BE17-433B-8F08-E2FA783A9C41}.Debug|x64.ActiveCfg = Debug|Any CPU
		{DE756B97-BE17-433B-8F08-E2FA783A9C41}.Debug|x64.Build.0 = Debug|Any CPU
		{DE756B97-BE17-433B-8F08-E2FA783A9C41}.Debug|x86.ActiveCfg = Debug|Any CPU
		{DE756B97-BE17-433B-8F08-E2FA783A9C41}.Debug|x86.Build.0 = Debug|Any CPU
		{DE756B97-BE17-433B-8F08-E2FA783A9C41}.Release|Any CPU.ActiveCfg = Release|Any CPU
		{DE756B97-BE17-433B-8F08-E2FA783A9C41}.Release|Any CPU.Build.0 = Release|Any CPU
		{DE756B97-BE17-433B-8F08-E2FA783A9C41}.Release|x64.ActiveCfg = Release|Any CPU
		{DE756B97-BE17-433B-8F08-E2FA783A9C41}.Release|x64.Build.0 = Release|Any CPU
		{DE756B97-BE17-433B-8F08-E2FA783A9C41}.Release|x86.ActiveCfg = Release|Any CPU
		{DE756B97-BE17-433B-8F08-E2FA783A9C41}.Release|x86.Build.0 = Release|Any CPU
		{770C28B0-AEED-4DA0-A0D2-7B6442978DE1}.Debug|Any CPU.ActiveCfg = Debug|Any CPU
		{770C28B0-AEED-4DA0-A0D2-7B6442978DE1}.Debug|Any CPU.Build.0 = Debug|Any CPU
		{770C28B0-AEED-4DA0-A0D2-7B6442978DE1}.Debug|x64.ActiveCfg = Debug|Any CPU
		{770C28B0-AEED-4DA0-A0D2-7B6442978DE1}.Debug|x64.Build.0 = Debug|Any CPU
		{770C28B0-AEED-4DA0-A0D2-7B6442978DE1}.Debug|x86.ActiveCfg = Debug|Any CPU
		{770C28B0-AEED-4DA0-A0D2-7B6442978DE1}.Debug|x86.Build.0 = Debug|Any CPU
		{770C28B0-AEED-4DA0-A0D2-7B6442978DE1}.Release|Any CPU.ActiveCfg = Release|Any CPU
		{770C28B0-AEED-4DA0-A0D2-7B6442978DE1}.Release|Any CPU.Build.0 = Release|Any CPU
		{770C28B0-AEED-4DA0-A0D2-7B6442978DE1}.Release|x64.ActiveCfg = Release|Any CPU
		{770C28B0-AEED-4DA0-A0D2-7B6442978DE1}.Release|x64.Build.0 = Release|Any CPU
		{770C28B0-AEED-4DA0-A0D2-7B6442978DE1}.Release|x86.ActiveCfg = Release|Any CPU
		{770C28B0-AEED-4DA0-A0D2-7B6442978DE1}.Release|x86.Build.0 = Release|Any CPU
	EndGlobalSection
	GlobalSection(SolutionProperties) = preSolution
		HideSolutionNode = FALSE
	EndGlobalSection
	GlobalSection(ExtensibilityGlobals) = postSolution
		SolutionGuid = {71E6FF5F-2C1D-4EF6-853B-CAB4421EE8F6}
	EndGlobalSection
EndGlobal
